{
  "name": "last-baht-bus",
  "version": "0.1.0",
  "lockfileVersion": 3,
  "requires": true,
  "packages": {
    "": {
      "name": "last-baht-bus",
      "version": "0.1.0",
      "devDependencies": {
        "@playwright/test": "^1.61.1",
        "compromise": "^14.18.0"
      }
    },
    "node_modules/@playwright/test": {
      "version": "1.61.1",
      "resolved": "https://registry.npmjs.org/@playwright/test/-/test-1.61.1.tgz",
      "integrity": "sha512-8nKv6+0RJSL9FE4jYOEGXnPeM/Hg12qZpmqzZjRh3qM0Y7c3z1mrOTfFLids72RDQYVh9WpLEfR5WdpNX4fkig==",
      "dev": true,
      "license": "Apache-2.0",
      "dependencies": {
        "playwright": "1.61.1"
      },
      "bin": {
        "playwright": "cli.js"
      },
      "engines": {
        "node": ">=18"
      }
    },
    "node_modules/compromise": {
      "version": "14.18.0",
      "resolved": "https://registry.npmjs.org/compromise/-/compromise-14.18.0.tgz",
      "integrity": "sha512-SCNTeMZN8ZnvDz96igAjV2QuvvmcKA1bVDbFr8IH672Ec9w+fTSxixIPGgrlivaxU+jyk/Ei3AT3gGtP23n6Vg==",
      "dev": true,
      "license": "MIT",
      "dependencies": {
        "efrt": "2.9.0",
        "grad-school": "0.0.9",
        "suffix-thumb": "6.0.0"
      },
      "engines": {
        "node": ">=18"
      }
    },
    "node_modules/efrt": {
      "version": "2.9.0",
      "resolved": "https://registry.npmjs.org/efrt/-/efrt-2.9.0.tgz",
      "integrity": "sha512-ZMAvlcu4AfmtJ4K/0hs0uofVUZPSeLG/w4yOyZawQLl9YEy8iDKIxIIPsUAlS907clC7bgD17e73vi5unwNE/g==",
      "dev": true,
      "license": "MIT",
      "engines": {
        "node": ">=12.0.0"
      }
    },
    "node_modules/fsevents": {
      "version": "2.3.2",
      "resolved": "https://registry.npmjs.org/fsevents/-/fsevents-2.3.2.tgz",
      "integrity": "sha512-xiqMQR4xAeHTuB9uWm+fFRcIOgKBMiOBP+eXiyT7jsgVCq1bkVygt00oASowB7EdtpOHaaPgKt812P9ab+DDKA==",
      "dev": true,
      "hasInstallScript": true,
      "license": "MIT",
      "optional": true,
      "os": [
        "darwin"
      ],
      "engines": {
        "node": "^8.16.0 || ^10.6.0 || >=11.0.0"
      }
    },
    "node_modules/grad-school": {
      "version": "0.0.9",
      "resolved": "https://registry.npmjs.org/grad-school/-/grad-school-0.0.9.tgz",
      "integrity": "sha512-/aoG9CJz/1gB7x5XKp9i7ggA4k+MqZD7Neph3crfrOLWERkeJFXDXzNefvPW0j97iGTNYqTL+rpBEcz83MTmZw==",
      "dev": true,
      "license": "MIT",
      "engines": {
        "node": ">=12"
      }
    },
    "node_modules/playwright": {
      "version": "1.61.1",
      "resolved": "https://registry.npmjs.org/playwright/-/playwright-1.61.1.tgz",
      "integrity": "sha512-DWnY5o3YbLWK4GovuAVwpqL+1VwGNdUGrRr++8j8PtQQzvAVZUIMjKQ90fY689sEJZJBbZVw1rXaOKSTitkzPQ==",
      "dev": true,
      "license": "Apache-2.0",
      "dependencies": {
        "playwright-core": "1.61.1"
      },
      "bin": {
        "playwright": "cli.js"
      },
      "engines": {
        "node": ">=18"
      },
      "optionalDependencies": {
        "fsevents": "2.3.2"
      }
    },
    "node_modules/playwright-core": {
      "version": "1.61.1",
      "resolved": "https://registry.npmjs.org/playwright-core/-/playwright-core-1.61.1.tgz",
      "integrity": "sha512-h7Qlt6m4REp25qvIdvbDtVmD4LqVXfpRxhORv9L0jzETM05p4fuPJ3dKyuSXQxDSbXnmS79HAgi9589lGSpLkg==",
      "dev": true,
      "license": "Apache-2.0",
      "bin": {
        "playwright-core": "cli.js"
      },
      "engines": {
        "node": ">=18"
      }
    },
    "node_modules/suffix-thumb": {
      "version": "6.0.0",
      "resolved": "https://registry.npmjs.org/suffix-thumb/-/suffix-thumb-6.0.0.tgz",
      "integrity": "sha512-HsCTMLaupbob5ZG//ZW6PSj446tHT5kSJ1qXS5F/qO2Nt13uAn6ZLPhJQ/H6bN/jVQCb+pcqe2psEwy4Mp5+Vw==",
      "dev": true,
      "license": "MIT",
      "engines": {
        "node": ">=18"
      }
    }
  }
}
